PATH
  remote: .
  specs:
    ryfinance (0.3.0)
      async (>= 2.10, < 2.25)
      async-http (>= 0.76, < 0.89)
      async-pool (>= 0.9, < 0.12)
      async-websocket (>= 0.25, < 0.31)
      base64 (>= 0.2, < 1)
      console (>= 1.29, < 1.31)
      csv (>= 3.0, < 4)
      google-protobuf (>= 4.0, < 5)
      io-endpoint (>= 0.14, < 0.15)
      io-event (>= 1.11, < 1.12)
      io-stream (>= 0.6, < 0.7)
      json (>= 2.0, < 3)
      metrics (>= 0.12, < 0.13)
      net-http (>= 0.4, < 1)
      protocol-http (>= 0.49, < 0.50)
      protocol-http1 (>= 0.30, < 0.31)
      protocol-http2 (>= 0.22, < 0.23)
      protocol-rack (>= 0.7, < 0.12)
      protocol-websocket (>= 0.17, < 0.18)
      traces (>= 0.15, < 0.16)

GEM
  remote: https://rubygems.org/
  specs:
    async (2.24.0)
      console (~> 1.29)
      fiber-annotation
      io-event (~> 1.9)
      metrics (~> 0.12)
      traces (~> 0.15)
    async-http (0.88.0)
      async (>= 2.10.2)
      async-pool (~> 0.9)
      io-endpoint (~> 0.14)
      io-stream (~> 0.6)
      metrics (~> 0.12)
      protocol-http (~> 0.49)
      protocol-http1 (~> 0.30)
      protocol-http2 (~> 0.22)
      traces (~> 0.10)
    async-pool (0.10.3)
      async (>= 1.25)
    async-websocket (0.30.0)
      async-http (~> 0.76)
      protocol-http (~> 0.34)
      protocol-rack (~> 0.7)
      protocol-websocket (~> 0.17)
    base64 (0.3.0)
    bigdecimal (4.1.2)
    console (1.30.2)
      fiber-annotation
      fiber-local (~> 1.1)
      json
    csv (3.3.5)
    fiber-annotation (0.2.0)
    fiber-local (1.1.0)
      fiber-storage
    fiber-storage (1.0.1)
    google-protobuf (4.35.0)
      bigdecimal
      rake (~> 13.3)
    google-protobuf (4.35.0-arm64-darwin)
      bigdecimal
      rake (~> 13.3)
    io-endpoint (0.14.0)
    io-event (1.11.2)
    io-stream (0.6.1)
    json (2.19.7)
    metrics (0.12.2)
    minitest (5.27.0)
    net-http (0.8.0)
      uri (>= 0.11.1)
    protocol-hpack (1.5.1)
    protocol-http (0.49.0)
    protocol-http1 (0.30.0)
      protocol-http (~> 0.22)
    protocol-http2 (0.22.1)
      protocol-hpack (~> 1.4)
      protocol-http (~> 0.47)
    protocol-rack (0.11.2)
      protocol-http (~> 0.43)
      rack (>= 1.0)
    protocol-websocket (0.17.0)
      protocol-http (~> 0.2)
    rack (3.2.6)
    rake (13.4.2)
    traces (0.15.2)
    uri (1.1.1)

PLATFORMS
  arm64-darwin-24
  ruby

DEPENDENCIES
  minitest (>= 5.0, < 6)
  rake
  ryfinance!

CHECKSUMS
  async (2.24.0) sha256=589d11ac6d5808da195ed5ac71f37afcab505855aa958bf5fc463a5469c34377
  async-http (0.88.0) sha256=c568743f0606f283b208b7c6adee9070c5e8f59867bf17028bafa5a6ea412f99
  async-pool (0.10.3) sha256=b542f9decc34fd3d6d0544576408bb79d6d2d2aa9ca467a75b546ac45765008a
  async-websocket (0.30.0) sha256=55739954528ad8f87f7792d0452e1268d1ef2aa5b3719f79400a05a1a6202cdf
  base64 (0.3.0) sha256=27337aeabad6ffae05c265c450490628ef3ebd4b67be58257393227588f5a97b
  bigdecimal (4.1.2) sha256=53d217666027eab4280346fba98e7d5b66baaae1b9c3c1c0ffe89d48188a3fbd
  bundler (4.0.12) sha256=7f8b757d28dfb636e7b24fba2344ac6dd13b5b24f4b46d62573d483f211825ac
  console (1.30.2) sha256=e61c7a01ab9eb5cc04f91e7322258ccf362e2c3915d36ee2e63b05f228bef66d
  csv (3.3.5) sha256=6e5134ac3383ef728b7f02725d9872934f523cb40b961479f69cf3afa6c8e73f
  fiber-annotation (0.2.0) sha256=7abfadf1d119f508867d4103bf231c0354d019cc39a5738945dec2edadaf6c03
  fiber-local (1.1.0) sha256=c885f94f210fb9b05737de65d511136ea602e00c5105953748aa0f8793489f06
  fiber-storage (1.0.1) sha256=f48e5b6d8b0be96dac486332b55cee82240057065dc761c1ea692b2e719240e1
  google-protobuf (4.35.0) sha256=95346162c792ed78c9a28cbf2d937a53f706de6df36a27471582f63f03c30c0d
  google-protobuf (4.35.0-arm64-darwin) sha256=66ab26d3fc82b8950702e53ab16c198e3c0ea3f2a38aaaf1f32152da45593ac5
  io-endpoint (0.14.0) sha256=51755235ef1aa27f48286f408eb25d7eb14d54d79bd3b3752486f74bbe7f5535
  io-event (1.11.2) sha256=4a640ac7d86d9f5fc0d4f47dd83eff82e9fe5818b0d910596b058ca1b34b96b9
  io-stream (0.6.1) sha256=4520f0c1412dfd264e9ab0d363e9aca90a43541850220b47f1ebd5499ad2e96f
  json (2.19.7) sha256=fe432c8639f6efff69f9d73b518a3705d9581ab93156f981ea72806e1e5bcc3e
  metrics (0.12.2) sha256=75caab08235dc2b3bb7440e00f64e8426b23b9caa94755d81cf9371fffa1e12a
  minitest (5.27.0) sha256=2d3b17f8a36fe7801c1adcffdbc38233b938eb0b4966e97a6739055a45fa77d5
  net-http (0.8.0) sha256=df42c47ce9f9e95ad32a317c97c12f945bc1af365288837ea4ff259876ecb46d
  protocol-hpack (1.5.1) sha256=6feca238b8078da1cd295677d6f306c6001af92d75fe0643d33e6956cbc3ad91
  protocol-http (0.49.0) sha256=b5419aa60ea74912db2658d16722f23ee37229ca497b1d1413f50f6c04f577b7
  protocol-http1 (0.30.0) sha256=9492961a4cca6909fe4d23d60e2cac36b8feb9b4c129c4428fbcf3f973cac36a
  protocol-http2 (0.22.1) sha256=91966e7083e792e9b54fd5a62891a59078dfe8e1cf0162ce58b387db812ca768
  protocol-rack (0.11.2) sha256=49417e1608e9c7612f7a45d0324d427e7fd4a14f09e9b38d4993c58a5304f7f0
  protocol-websocket (0.17.0) sha256=5a27e4c9f3f9ae7682a0aaf09ade9533d5a54f0d834a9ceaa49356ffb7d1060a
  rack (3.2.6) sha256=5ed78e1f73b2e25679bec7d45ee2d4483cc4146eb1be0264fc4d94cb5ef212c2
  rake (13.4.2) sha256=cb825b2bd5f1f8e91ca37bddb4b9aaf345551b4731da62949be002fa89283701
  ryfinance (0.3.0)
  traces (0.15.2) sha256=d2547834b7248bb8c8f4f6532c6b9ba80ef8e2d6068ce16e7873575d7b802d81
  uri (1.1.1) sha256=379fa58d27ffb1387eaada68c749d1426738bd0f654d812fcc07e7568f5c57c6

BUNDLED WITH
   2.6.9
